
Microsoft Visual Studio Solution File, Format Version 12.00
# Visual Studio Version 16
VisualStudioVersion = 16.0.34031.81
MinimumVisualStudioVersion = 10.0.40219.1
Project("{2150E333-8FDC-42A3-9474-1A3956D46DE8}") = "Task0", "Task0", "{6C265EAF-8E07-4325-A0F3-AAE771FBA16F}"
EndProject
Project("{2150E333-8FDC-42A3-9474-1A3956D46DE8}") = "Task1", "Task1", "{557F913E-B4C6-4952-A1B5-30EF5359C078}"
EndProject
Project("{2150E333-8FDC-42A3-9474-1A3956D46DE8}") = "Task2", "Task2", "{5F54AE49-1DCA-411E-B9C1-4653003993A9}"
EndProject
Project("{2150E333-8FDC-42A3-9474-1A3956D46DE8}") = "Task3", "Task3", "{7F8386B6-FD8E-4B54-A7F1-C1EFB5400994}"
EndProject
Project("{FAE04EC0-301F-11D3-BF4B-00C04F79EFBC}") = "Tyuiu.TretyakovDV.Sprint3.Task0.V16", "Tyuiu.TretyakovDV.Sprint3.Task0.V16\Tyuiu.TretyakovDV.Sprint3.Task0.V16.csproj", "{7994DC28-A1FC-44F5-BF6B-71C397AF6891}"
EndProject
Project("{FAE04EC0-301F-11D3-BF4B-00C04F79EFBC}") = "Tyuiu.TretyakovDV.Sprint3.Task0.V16.Test", "Tyuiu.TretyakovDV.Sprint3.Task0.V16.Test\Tyuiu.TretyakovDV.Sprint3.Task0.V16.Test.csproj", "{74ECCE6C-1637-47B0-8CF2-8806BFCAAE0B}"
EndProject
Project("{FAE04EC0-301F-11D3-BF4B-00C04F79EFBC}") = "Tyuiu.TretyakovDV.Sprint3.Task0.V16.Lib", "Tyuiu.TretyakovDV.Sprint3.Task0.V16.Lib\Tyuiu.TretyakovDV.Sprint3.Task0.V16.Lib.csproj", "{747E3DFD-40C9-4F32-BFDD-5625F3227426}"
EndProject
Project("{FAE04EC0-301F-11D3-BF4B-00C04F79EFBC}") = "Tyuiu.TretyakovDV.Sprint3.Task1.V21", "Tyuiu.TretyakovDV.Sprint3.Task1.V21\Tyuiu.TretyakovDV.Sprint3.Task1.V21.csproj", "{032F7944-61D0-4C1F-A988-2C25CA28FA39}"
EndProject
Project("{FAE04EC0-301F-11D3-BF4B-00C04F79EFBC}") = "Tyuiu.TretyakovDV.Sprint3.Task1.V21.Lib", "Tyuiu.TretyakovDV.Sprint3.Task1.V21.Lib\Tyuiu.TretyakovDV.Sprint3.Task1.V21.Lib.csproj", "{EE5BDBFD-A165-4A44-8F6A-66E21E3BB9EA}"
EndProject
Project("{FAE04EC0-301F-11D3-BF4B-00C04F79EFBC}") = "Tyuiu.TretyakovDV.Sprint3.Task1.V21.Test", "Tyuiu.TretyakovDV.Sprint3.Task1.V21.Test\Tyuiu.TretyakovDV.Sprint3.Task1.V21.Test.csproj", "{CA55324C-40B3-4201-B8DE-4AE9DCD49ED9}"
EndProject
Global
	GlobalSection(SolutionConfigurationPlatforms) = preSolution
		Debug|Any CPU = Debug|Any CPU
		Release|Any CPU = Release|Any CPU
	EndGlobalSection
	GlobalSection(ProjectConfigurationPlatforms) = postSolution
		{7994DC28-A1FC-44F5-BF6B-71C397AF6891}.Debug|Any CPU.ActiveCfg = Debug|Any CPU
		{7994DC28-A1FC-44F5-BF6B-71C397AF6891}.Debug|Any CPU.Build.0 = Debug|Any CPU
		{7994DC28-A1FC-44F5-BF6B-71C397AF6891}.Release|Any CPU.ActiveCfg = Release|Any CPU
		{7994DC28-A1FC-44F5-BF6B-71C397AF6891}.Release|Any CPU.Build.0 = Release|Any CPU
		{74ECCE6C-1637-47B0-8CF2-8806BFCAAE0B}.Debug|Any CPU.ActiveCfg = Debug|Any CPU
		{74ECCE6C-1637-47B0-8CF2-8806BFCAAE0B}.Debug|Any CPU.Build.0 = Debug|Any CPU
		{74ECCE6C-1637-47B0-8CF2-8806BFCAAE0B}.Release|Any CPU.ActiveCfg = Release|Any CPU
		{74ECCE6C-1637-47B0-8CF2-8806BFCAAE0B}.Release|Any CPU.Build.0 = Release|Any CPU
		{747E3DFD-40C9-4F32-BFDD-5625F3227426}.Debug|Any CPU.ActiveCfg = Debug|Any CPU
		{747E3DFD-40C9-4F32-BFDD-5625F3227426}.Debug|Any CPU.Build.0 = Debug|Any CPU
		{747E3DFD-40C9-4F32-BFDD-5625F3227426}.Release|Any CPU.ActiveCfg = Release|Any CPU
		{747E3DFD-40C9-4F32-BFDD-5625F3227426}.Release|Any CPU.Build.0 = Release|Any CPU
		{032F7944-61D0-4C1F-A988-2C25CA28FA39}.Debug|Any CPU.ActiveCfg = Debug|Any CPU
		{032F7944-61D0-4C1F-A988-2C25CA28FA39}.Debug|Any CPU.Build.0 = Debug|Any CPU
		{032F7944-61D0-4C1F-A988-2C25CA28FA39}.Release|Any CPU.ActiveCfg = Release|Any CPU
		{032F7944-61D0-4C1F-A988-2C25CA28FA39}.Release|Any CPU.Build.0 = Release|Any CPU
		{EE5BDBFD-A165-4A44-8F6A-66E21E3BB9EA}.Debug|Any CPU.ActiveCfg = Debug|Any CPU
		{EE5BDBFD-A165-4A44-8F6A-66E21E3BB9EA}.Debug|Any CPU.Build.0 = Debug|Any CPU
		{EE5BDBFD-A165-4A44-8F6A-66E21E3BB9EA}.Release|Any CPU.ActiveCfg = Release|Any CPU
		{EE5BDBFD-A165-4A44-8F6A-66E21E3BB9EA}.Release|Any CPU.Build.0 = Release|Any CPU
		{CA55324C-40B3-4201-B8DE-4AE9DCD49ED9}.Debug|Any CPU.ActiveCfg = Debug|Any CPU
		{CA55324C-40B3-4201-B8DE-4AE9DCD49ED9}.Debug|Any CPU.Build.0 = Debug|Any CPU
		{CA55324C-40B3-4201-B8DE-4AE9DCD49ED9}.Release|Any CPU.ActiveCfg = Release|Any CPU
		{CA55324C-40B3-4201-B8DE-4AE9DCD49ED9}.Release|Any CPU.Build.0 = Release|Any CPU
	EndGlobalSection
	GlobalSection(SolutionProperties) = preSolution
		HideSolutionNode = FALSE
	EndGlobalSection
	GlobalSection(NestedProjects) = preSolution
		{7994DC28-A1FC-44F5-BF6B-71C397AF6891} = {6C265EAF-8E07-4325-A0F3-AAE771FBA16F}
		{74ECCE6C-1637-47B0-8CF2-8806BFCAAE0B} = {6C265EAF-8E07-4325-A0F3-AAE771FBA16F}
		{747E3DFD-40C9-4F32-BFDD-5625F3227426} = {6C265EAF-8E07-4325-A0F3-AAE771FBA16F}
		{032F7944-61D0-4C1F-A988-2C25CA28FA39} = {557F913E-B4C6-4952-A1B5-30EF5359C078}
		{EE5BDBFD-A165-4A44-8F6A-66E21E3BB9EA} = {557F913E-B4C6-4952-A1B5-30EF5359C078}
		{CA55324C-40B3-4201-B8DE-4AE9DCD49ED9} = {557F913E-B4C6-4952-A1B5-30EF5359C078}
	EndGlobalSection
	GlobalSection(ExtensibilityGlobals) = postSolution
		SolutionGuid = {AF506DEC-1616-4643-BD35-5C6874F9E5C4}
	EndGlobalSection
EndGlobal
